
Microsoft Visual Studio Solution File, Format Version 12.00
# Visual Studio 15
VisualStudioVersion = 15.0.27703.2026
MinimumVisualStudioVersion = 10.0.40219.1
Project("{FAE04EC0-301F-11D3-BF4B-00C04F79EFBC}") = "Dejtingsida", "Dejtingsida\Dejtingsida.csproj", "{2225582F-DB75-48C0-A21F-C6A9DF16AAA5}"
EndProject
Global
	GlobalSection(SolutionConfigurationPlatforms) = preSolution
		Debug|Any CPU = Debug|Any CPU
		Release|Any CPU = Release|Any CPU
	EndGlobalSection
	GlobalSection(ProjectConfigurationPlatforms) = postSolution
		{2225582F-DB75-48C0-A21F-C6A9DF16AAA5}.Debug|Any CPU.ActiveCfg = Debug|Any CPU
		{2225582F-DB75-48C0-A21F-C6A9DF16AAA5}.Debug|Any CPU.Build.0 = Debug|Any CPU
		{2225582F-DB75-48C0-A21F-C6A9DF16AAA5}.Release|Any CPU.ActiveCfg = Release|Any CPU
		{2225582F-DB75-48C0-A21F-C6A9DF16AAA5}.Release|Any CPU.Build.0 = Release|Any CPU
	EndGlobalSection
	GlobalSection(SolutionProperties) = preSolution
		HideSolutionNode = FALSE
	EndGlobalSection
	GlobalSection(ExtensibilityGlobals) = postSolution
		SolutionGuid = {474768B7-C547-417D-A2E2-F239967E6145}
	EndGlobalSection
EndGlobal
